Microsoft Visual Studio Solution File, Format Version 12.00
# Visual Studio 2012
Project("{F184B08F-C81C-45F6-A57F-5ABD9991F28F}") = "Nodesoft", "Nodesoft\Nodesoft.vbproj", "{FFEE1664-476D-41F5-8BDB-37A287926689}"
	ProjectSection(ProjectDependencies) = preProject
	EndProjectSection
	ProjectSection(ProjectConfigurations) = postProject
		Debug|Any CPU.ActiveCfg = Debug|Any CPU
		Debug|Any CPU.Build.0 = Debug|Any CPU
		Release|Any CPU.ActiveCfg = Release|Any CPU
		Release|Any CPU.Build.0 = Release|Any CPU
	EndProjectSection
EndProject
Global
	GlobalSection(TeamFoundationVersionControl) = preSolution
		SccNumberOfProjects = 2
		SccEnterpriseProvider = {4CA58AB2-18FA-4F8D-95D4-32DDF27D184C}
		SccTeamFoundationServer = http://tfs:8080/tfs/nodesoft
		SccLocalPath0 = .
		SccProjectUniqueName1 = Nodesoft\\Nodesoft.vbproj
		SccProjectName1 = Nodesoft
		SccLocalPath1 = Nodesoft
	EndGlobalSection
	GlobalSection(SolutionConfigurationPlatforms) = preSolution
		Debug|Any CPU = Debug|Any CPU
		Release|Any CPU = Release|Any CPU
	EndGlobalSection
	GlobalSection(ProjectConfigurationPlatforms) = postSolution
		{FFEE1664-476D-41F5-8BDB-37A287926689}.Debug|Any CPU.ActiveCfg = Debug|Any CPU
		{FFEE1664-476D-41F5-8BDB-37A287926689}.Debug|Any CPU.Build.0 = Debug|Any CPU
		{FFEE1664-476D-41F5-8BDB-37A287926689}.Release|Any CPU.ActiveCfg = Release|Any CPU
		{FFEE1664-476D-41F5-8BDB-37A287926689}.Release|Any CPU.Build.0 = Release|Any CPU
	EndGlobalSection
	GlobalSection(SolutionProperties) = preSolution
		HideSolutionNode = FALSE
	EndGlobalSection
EndGlobal
# Changes made:
# - Removed duplicate import of Microsoft.VisualBasic.targets from Nodesoft.vbproj.
# - Updated the package reference for Microsoft.AspNetCore.Mvc to a version compatible with .NET 6.0 in Nodesoft.vbproj.
# - Ensured only necessary dependencies for .NET 6.0 are included in Nodesoft.vbproj, removing legacy packages.