
Microsoft Visual Studio Solution File, Format Version 12.00
# Visual Studio Version 17
VisualStudioVersion = 17.12.35728.132 d17.12
MinimumVisualStudioVersion = 10.0.40219.1
Project("{FAE04EC0-301F-11D3-BF4B-00C04F79EFBC}") = "Roklem Migrator", "Roklem Migrator.csproj", "{A43D0D51-5A50-4790-B3BF-FDCB94215ECB}"
EndProject
Global
	GlobalSection(SolutionConfigurationPlatforms) = preSolution
		Debug|Any CPU = Debug|Any CPU
		Release|Any CPU = Release|Any CPU
	EndGlobalSection
	GlobalSection(ProjectConfigurationPlatforms) = postSolution
		{A43D0D51-5A50-4790-B3BF-FDCB94215ECB}.Debug|Any CPU.ActiveCfg = Debug|Any CPU
		{A43D0D51-5A50-4790-B3BF-FDCB94215ECB}.Debug|Any CPU.Build.0 = Debug|Any CPU
		{A43D0D51-5A50-4790-B3BF-FDCB94215ECB}.Release|Any CPU.ActiveCfg = Release|Any CPU
		{A43D0D51-5A50-4790-B3BF-FDCB94215ECB}.Release|Any CPU.Build.0 = Release|Any CPU
	EndGlobalSection
	GlobalSection(SolutionProperties) = preSolution
		HideSolutionNode = FALSE
	EndGlobalSection
EndGlobal
